
Microsoft Visual Studio Solution File, Format Version 12.00
# Visual Studio Version 17
VisualStudioVersion = 17.0.31903.59
MinimumVisualStudioVersion = 10.0.40219.1
Project("{FAE04EC0-301F-11D3-BF4B-00C04F79EFBC}") = "BusBuddy.WPF", "BusBuddy.WPF\BusBuddy.WPF.csproj", "{69258D03-38BC-474C-BBA3-904D41159F51}"
EndProject
Project("{FAE04EC0-301F-11D3-BF4B-00C04F79EFBC}") = "BusBuddy.Core", "BusBuddy.Core\BusBuddy.Core.csproj", "{04EF7433-0E28-4C90-88FE-83E4E837E791}"
EndProject
Global
	GlobalSection(SolutionConfigurationPlatforms) = preSolution
		Debug|Any CPU = Debug|Any CPU
		Debug|x64 = Debug|x64
		Debug|x86 = Debug|x86
		Release|Any CPU = Release|Any CPU
		Release|x64 = Release|x64
		Release|x86 = Release|x86
	EndGlobalSection
	GlobalSection(ProjectConfigurationPlatforms) = postSolution
		{69258D03-38BC-474C-BBA3-904D41159F51}.Debug|Any CPU.ActiveCfg = Debug|Any CPU
		{69258D03-38BC-474C-BBA3-904D41159F51}.Debug|Any CPU.Build.0 = Debug|Any CPU
		{69258D03-38BC-474C-BBA3-904D41159F51}.Debug|x64.ActiveCfg = Debug|Any CPU
		{69258D03-38BC-474C-BBA3-904D41159F51}.Debug|x64.Build.0 = Debug|Any CPU
		{69258D03-38BC-474C-BBA3-904D41159F51}.Debug|x86.ActiveCfg = Debug|Any CPU
		{69258D03-38BC-474C-BBA3-904D41159F51}.Debug|x86.Build.0 = Debug|Any CPU
		{69258D03-38BC-474C-BBA3-904D41159F51}.Release|Any CPU.ActiveCfg = Release|Any CPU
		{69258D03-38BC-474C-BBA3-904D41159F51}.Release|Any CPU.Build.0 = Release|Any CPU
		{69258D03-38BC-474C-BBA3-904D41159F51}.Release|x64.ActiveCfg = Release|Any CPU
		{69258D03-38BC-474C-BBA3-904D41159F51}.Release|x64.Build.0 = Release|Any CPU
		{69258D03-38BC-474C-BBA3-904D41159F51}.Release|x86.ActiveCfg = Release|Any CPU
		{69258D03-38BC-474C-BBA3-904D41159F51}.Release|x86.Build.0 = Release|Any CPU
		{04EF7433-0E28-4C90-88FE-83E4E837E791}.Debug|Any CPU.ActiveCfg = Debug|Any CPU
		{04EF7433-0E28-4C90-88FE-83E4E837E791}.Debug|Any CPU.Build.0 = Debug|Any CPU
		{04EF7433-0E28-4C90-88FE-83E4E837E791}.Debug|x64.ActiveCfg = Debug|Any CPU
		{04EF7433-0E28-4C90-88FE-83E4E837E791}.Debug|x64.Build.0 = Debug|Any CPU
		{04EF7433-0E28-4C90-88FE-83E4E837E791}.Debug|x86.ActiveCfg = Debug|Any CPU
		{04EF7433-0E28-4C90-88FE-83E4E837E791}.Debug|x86.Build.0 = Debug|Any CPU
		{04EF7433-0E28-4C90-88FE-83E4E837E791}.Release|Any CPU.ActiveCfg = Release|Any CPU
		{04EF7433-0E28-4C90-88FE-83E4E837E791}.Release|Any CPU.Build.0 = Release|Any CPU
		{04EF7433-0E28-4C90-88FE-83E4E837E791}.Release|x64.ActiveCfg = Release|Any CPU
		{04EF7433-0E28-4C90-88FE-83E4E837E791}.Release|x64.Build.0 = Release|Any CPU
		{04EF7433-0E28-4C90-88FE-83E4E837E791}.Release|x86.ActiveCfg = Release|Any CPU
		{04EF7433-0E28-4C90-88FE-83E4E837E791}.Release|x86.Build.0 = Release|Any CPU
	EndGlobalSection
	GlobalSection(SolutionProperties) = preSolution
		HideSolutionNode = FALSE
	EndGlobalSection
	GlobalSection(ExtensibilityGlobals) = postSolution
		SolutionGuid = {A1B2C3D4-E5F6-7890-1234-56789ABCDEF0}
		StartupProject = BusBuddy.WPF
	EndGlobalSection
EndGlobal
